
Microsoft Visual Studio Solution File, Format Version 12.00
# Visual Studio 15
VisualStudioVersion = 15.0.26430.16
MinimumVisualStudioVersion = 10.0.40219.1
Project("{FAE04EC0-301F-11D3-BF4B-00C04F79EFBC}") = "XamarinPeruSummit.Android", "XamarinPeruSummit\XamarinPeruSummit.Android\XamarinPeruSummit.Android.csproj", "{168468EE-13D3-42FF-9492-53ED15F35E91}"
EndProject
Project("{FAE04EC0-301F-11D3-BF4B-00C04F79EFBC}") = "XamarinPeruSummit", "XamarinPeruSummit\XamarinPeruSummit\XamarinPeruSummit.csproj", "{E696724C-4F08-418E-8ECC-4DC0B98D7771}"
EndProject
Project("{FAE04EC0-301F-11D3-BF4B-00C04F79EFBC}") = "XamarinPeruSummit.UWP", "XamarinPeruSummit\XamarinPeruSummit.UWP\XamarinPeruSummit.UWP.csproj", "{E9DDBFD3-90CA-4ABE-88AE-21DD34FB9957}"
EndProject
Project("{FAE04EC0-301F-11D3-BF4B-00C04F79EFBC}") = "XamarinPeruSummit.iOS", "XamarinPeruSummit\XamarinPeruSummit.iOS\XamarinPeruSummit.iOS.csproj", "{84D734B8-C70C-4AC1-88CC-312872D480BB}"
EndProject
Global
	GlobalSection(SolutionConfigurationPlatforms) = preSolution
		Ad-Hoc|Any CPU = Ad-Hoc|Any CPU
		Ad-Hoc|ARM = Ad-Hoc|ARM
		Ad-Hoc|iPhone = Ad-Hoc|iPhone
		Ad-Hoc|iPhoneSimulator = Ad-Hoc|iPhoneSimulator
		Ad-Hoc|x64 = Ad-Hoc|x64
		Ad-Hoc|x86 = Ad-Hoc|x86
		AppStore|Any CPU = AppStore|Any CPU
		AppStore|ARM = AppStore|ARM
		AppStore|iPhone = AppStore|iPhone
		AppStore|iPhoneSimulator = AppStore|iPhoneSimulator
		AppStore|x64 = AppStore|x64
		AppStore|x86 = AppStore|x86
		Debug|Any CPU = Debug|Any CPU
		Debug|ARM = Debug|ARM
		Debug|iPhone = Debug|iPhone
		Debug|iPhoneSimulator = Debug|iPhoneSimulator
		Debug|x64 = Debug|x64
		Debug|x86 = Debug|x86
		Release|Any CPU = Release|Any CPU
		Release|ARM = Release|ARM
		Release|iPhone = Release|iPhone
		Release|iPhoneSimulator = Release|iPhoneSimulator
		Release|x64 = Release|x64
		Release|x86 = Release|x86
	EndGlobalSection
	GlobalSection(ProjectConfigurationPlatforms) = postSolution
		{168468EE-13D3-42FF-9492-53ED15F35E91}.Ad-Hoc|Any CPU.ActiveCfg = Release|Any CPU
		{168468EE-13D3-42FF-9492-53ED15F35E91}.Ad-Hoc|Any CPU.Build.0 = Release|Any CPU
		{168468EE-13D3-42FF-9492-53ED15F35E91}.Ad-Hoc|Any CPU.Deploy.0 = Release|Any CPU
		{168468EE-13D3-42FF-9492-53ED15F35E91}.Ad-Hoc|ARM.ActiveCfg = Release|Any CPU
		{168468EE-13D3-42FF-9492-53ED15F35E91}.Ad-Hoc|ARM.Build.0 = Release|Any CPU
		{168468EE-13D3-42FF-9492-53ED15F35E91}.Ad-Hoc|ARM.Deploy.0 = Release|Any CPU
		{168468EE-13D3-42FF-9492-53ED15F35E91}.Ad-Hoc|iPhone.ActiveCfg = Release|Any CPU
		{168468EE-13D3-42FF-9492-53ED15F35E91}.Ad-Hoc|iPhone.Build.0 = Release|Any CPU
		{168468EE-13D3-42FF-9492-53ED15F35E91}.Ad-Hoc|iPhone.Deploy.0 = Release|Any CPU
		{168468EE-13D3-42FF-9492-53ED15F35E91}.Ad-Hoc|iPhoneSimulator.ActiveCfg = Release|Any CPU
		{168468EE-13D3-42FF-9492-53ED15F35E91}.Ad-Hoc|iPhoneSimulator.Build.0 = Release|Any CPU
		{168468EE-13D3-42FF-9492-53ED15F35E91}.Ad-Hoc|iPhoneSimulator.Deploy.0 = Release|Any CPU
		{168468EE-13D3-42FF-9492-53ED15F35E91}.Ad-Hoc|x64.ActiveCfg = Release|Any CPU
		{168468EE-13D3-42FF-9492-53ED15F35E91}.Ad-Hoc|x64.Build.0 = Release|Any CPU
		{168468EE-13D3-42FF-9492-53ED15F35E91}.Ad-Hoc|x64.Deploy.0 = Release|Any CPU
		{168468EE-13D3-42FF-9492-53ED15F35E91}.Ad-Hoc|x86.ActiveCfg = Release|Any CPU
		{168468EE-13D3-42FF-9492-53ED15F35E91}.Ad-Hoc|x86.Build.0 = Release|Any CPU
		{168468EE-13D3-42FF-9492-53ED15F35E91}.Ad-Hoc|x86.Deploy.0 = Release|Any CPU
		{168468EE-13D3-42FF-9492-53ED15F35E91}.AppStore|Any CPU.ActiveCfg = Release|Any CPU
		{168468EE-13D3-42FF-9492-53ED15F35E91}.AppStore|Any CPU.Build.0 = Release|Any CPU
		{168468EE-13D3-42FF-9492-53ED15F35E91}.AppStore|Any CPU.Deploy.0 = Release|Any CPU
		{168468EE-13D3-42FF-9492-53ED15F35E91}.AppStore|ARM.ActiveCfg = Release|Any CPU
		{168468EE-13D3-42FF-9492-53ED15F35E91}.AppStore|ARM.Build.0 = Release|Any CPU
		{168468EE-13D3-42FF-9492-53ED15F35E91}.AppStore|ARM.Deploy.0 = Release|Any CPU
		{168468EE-13D3-42FF-9492-53ED15F35E91}.AppStore|iPhone.ActiveCfg = Release|Any CPU
		{168468EE-13D3-42FF-9492-53ED15F35E91}.AppStore|iPhone.Build.0 = Release|Any CPU
		{168468EE-13D3-42FF-9492-53ED15F35E91}.AppStore|iPhone.Deploy.0 = Release|Any CPU
		{168468EE-13D3-42FF-9492-53ED15F35E91}.AppStore|iPhoneSimulator.ActiveCfg = Release|Any CPU
		{168468EE-13D3-42FF-9492-53ED15F35E91}.AppStore|iPhoneSimulator.Build.0 = Release|Any CPU
		{168468EE-13D3-42FF-9492-53ED15F35E91}.AppStore|iPhoneSimulator.Deploy.0 = Release|Any CPU
		{168468EE-13D3-42FF-9492-53ED15F35E91}.AppStore|x64.ActiveCfg = Release|Any CPU
		{168468EE-13D3-42FF-9492-53ED15F35E91}.AppStore|x64.Build.0 = Release|Any CPU
		{168468EE-13D3-42FF-9492-53ED15F35E91}.AppStore|x64.Deploy.0 = Release|Any CPU
		{168468EE-13D3-42FF-9492-53ED15F35E91}.AppStore|x86.ActiveCfg = Release|Any CPU
		{168468EE-13D3-42FF-9492-53ED15F35E91}.AppStore|x86.Build.0 = Release|Any CPU
		{168468EE-13D3-42FF-9492-53ED15F35E91}.AppStore|x86.Deploy.0 = Release|Any CPU
		{168468EE-13D3-42FF-9492-53ED15F35E91}.Debug|Any CPU.ActiveCfg = Debug|Any CPU
		{168468EE-13D3-42FF-9492-53ED15F35E91}.Debug|Any CPU.Build.0 = Debug|Any CPU
		{168468EE-13D3-42FF-9492-53ED15F35E91}.Debug|Any CPU.Deploy.0 = Debug|Any CPU
		{168468EE-13D3-42FF-9492-53ED15F35E91}.Debug|ARM.ActiveCfg = Debug|Any CPU
		{168468EE-13D3-42FF-9492-53ED15F35E91}.Debug|ARM.Build.0 = Debug|Any CPU
		{168468EE-13D3-42FF-9492-53ED15F35E91}.Debug|ARM.Deploy.0 = Debug|Any CPU
		{168468EE-13D3-42FF-9492-53ED15F35E91}.Debug|iPhone.ActiveCfg = Debug|Any CPU
		{168468EE-13D3-42FF-9492-53ED15F35E91}.Debug|iPhone.Build.0 = Debug|Any CPU
		{168468EE-13D3-42FF-9492-53ED15F35E91}.Debug|iPhone.Deploy.0 = Debug|Any CPU
		{168468EE-13D3-42FF-9492-53ED15F35E91}.Debug|iPhoneSimulator.ActiveCfg = Debug|Any CPU
		{168468EE-13D3-42FF-9492-53ED15F35E91}.Debug|iPhoneSimulator.Build.0 = Debug|Any CPU
		{168468EE-13D3-42FF-9492-53ED15F35E91}.Debug|iPhoneSimulator.Deploy.0 = Debug|Any CPU
		{168468EE-13D3-42FF-9492-53ED15F35E91}.Debug|x64.ActiveCfg = Debug|Any CPU
		{168468EE-13D3-42FF-9492-53ED15F35E91}.Debug|x64.Build.0 = Debug|Any CPU
		{168468EE-13D3-42FF-9492-53ED15F35E91}.Debug|x64.Deploy.0 = Debug|Any CPU
		{168468EE-13D3-42FF-9492-53ED15F35E91}.Debug|x86.ActiveCfg = Debug|Any CPU
		{168468EE-13D3-42FF-9492-53ED15F35E91}.Debug|x86.Build.0 = Debug|Any CPU
		{168468EE-13D3-42FF-9492-53ED15F35E91}.Debug|x86.Deploy.0 = Debug|Any CPU
		{168468EE-13D3-42FF-9492-53ED15F35E91}.Release|Any CPU.ActiveCfg = Release|Any CPU
		{168468EE-13D3-42FF-9492-53ED15F35E91}.Release|Any CPU.Build.0 = Release|Any CPU
		{168468EE-13D3-42FF-9492-53ED15F35E91}.Release|Any CPU.Deploy.0 = Release|Any CPU
		{168468EE-13D3-42FF-9492-53ED15F35E91}.Release|ARM.ActiveCfg = Release|Any CPU
		{168468EE-13D3-42FF-9492-53ED15F35E91}.Release|ARM.Build.0 = Release|Any CPU
		{168468EE-13D3-42FF-9492-53ED15F35E91}.Release|ARM.Deploy.0 = Release|Any CPU
		{168468EE-13D3-42FF-9492-53ED15F35E91}.Release|iPhone.ActiveCfg = Release|Any CPU
		{168468EE-13D3-42FF-9492-53ED15F35E91}.Release|iPhone.Build.0 = Release|Any CPU
		{168468EE-13D3-42FF-9492-53ED15F35E91}.Release|iPhone.Deploy.0 = Release|Any CPU
		{168468EE-13D3-42FF-9492-53ED15F35E91}.Release|iPhoneSimulator.ActiveCfg = Release|Any CPU
		{168468EE-13D3-42FF-9492-53ED15F35E91}.Release|iPhoneSimulator.Build.0 = Release|Any CPU
		{168468EE-13D3-42FF-9492-53ED15F35E91}.Release|iPhoneSimulator.Deploy.0 = Release|Any CPU
		{168468EE-13D3-42FF-9492-53ED15F35E91}.Release|x64.ActiveCfg = Release|Any CPU
		{168468EE-13D3-42FF-9492-53ED15F35E91}.Release|x64.Build.0 = Release|Any CPU
		{168468EE-13D3-42FF-9492-53ED15F35E91}.Release|x64.Deploy.0 = Release|Any CPU
		{168468EE-13D3-42FF-9492-53ED15F35E91}.Release|x86.ActiveCfg = Release|Any CPU
		{168468EE-13D3-42FF-9492-53ED15F35E91}.Release|x86.Build.0 = Release|Any CPU
		{168468EE-13D3-42FF-9492-53ED15F35E91}.Release|x86.Deploy.0 = Release|Any CPU
		{E696724C-4F08-418E-8ECC-4DC0B98D7771}.Ad-Hoc|Any CPU.ActiveCfg = Release|Any CPU
		{E696724C-4F08-418E-8ECC-4DC0B98D7771}.Ad-Hoc|Any CPU.Build.0 = Release|Any CPU
		{E696724C-4F08-418E-8ECC-4DC0B98D7771}.Ad-Hoc|ARM.ActiveCfg = Release|Any CPU
		{E696724C-4F08-418E-8ECC-4DC0B98D7771}.Ad-Hoc|ARM.Build.0 = Release|Any CPU
		{E696724C-4F08-418E-8ECC-4DC0B98D7771}.Ad-Hoc|iPhone.ActiveCfg = Release|Any CPU
		{E696724C-4F08-418E-8ECC-4DC0B98D7771}.Ad-Hoc|iPhone.Build.0 = Release|Any CPU
		{E696724C-4F08-418E-8ECC-4DC0B98D7771}.Ad-Hoc|iPhoneSimulator.ActiveCfg = Release|Any CPU
		{E696724C-4F08-418E-8ECC-4DC0B98D7771}.Ad-Hoc|iPhoneSimulator.Build.0 = Release|Any CPU
		{E696724C-4F08-418E-8ECC-4DC0B98D7771}.Ad-Hoc|x64.ActiveCfg = Release|Any CPU
		{E696724C-4F08-418E-8ECC-4DC0B98D7771}.Ad-Hoc|x64.Build.0 = Release|Any CPU
		{E696724C-4F08-418E-8ECC-4DC0B98D7771}.Ad-Hoc|x86.ActiveCfg = Release|Any CPU
		{E696724C-4F08-418E-8ECC-4DC0B98D7771}.Ad-Hoc|x86.Build.0 = Release|Any CPU
		{E696724C-4F08-418E-8ECC-4DC0B98D7771}.AppStore|Any CPU.ActiveCfg = Release|Any CPU
		{E696724C-4F08-418E-8ECC-4DC0B98D7771}.AppStore|Any CPU.Build.0 = Release|Any CPU
		{E696724C-4F08-418E-8ECC-4DC0B98D7771}.AppStore|ARM.ActiveCfg = Release|Any CPU
		{E696724C-4F08-418E-8ECC-4DC0B98D7771}.AppStore|ARM.Build.0 = Release|Any CPU
		{E696724C-4F08-418E-8ECC-4DC0B98D7771}.AppStore|iPhone.ActiveCfg = Release|Any CPU
		{E696724C-4F08-418E-8ECC-4DC0B98D7771}.AppStore|iPhone.Build.0 = Release|Any CPU
		{E696724C-4F08-418E-8ECC-4DC0B98D7771}.AppStore|iPhoneSimulator.ActiveCfg = Release|Any CPU
		{E696724C-4F08-418E-8ECC-4DC0B98D7771}.AppStore|iPhoneSimulator.Build.0 = Release|Any CPU
		{E696724C-4F08-418E-8ECC-4DC0B98D7771}.AppStore|x64.ActiveCfg = Release|Any CPU
		{E696724C-4F08-418E-8ECC-4DC0B98D7771}.AppStore|x64.Build.0 = Release|Any CPU
		{E696724C-4F08-418E-8ECC-4DC0B98D7771}.AppStore|x86.ActiveCfg = Release|Any CPU
		{E696724C-4F08-418E-8ECC-4DC0B98D7771}.AppStore|x86.Build.0 = Release|Any CPU
		{E696724C-4F08-418E-8ECC-4DC0B98D7771}.Debug|Any CPU.ActiveCfg = Debug|Any CPU
		{E696724C-4F08-418E-8ECC-4DC0B98D7771}.Debug|Any CPU.Build.0 = Debug|Any CPU
		{E696724C-4F08-418E-8ECC-4DC0B98D7771}.Debug|ARM.ActiveCfg = Debug|Any CPU
		{E696724C-4F08-418E-8ECC-4DC0B98D7771}.Debug|ARM.Build.0 = Debug|Any CPU
		{E696724C-4F08-418E-8ECC-4DC0B98D7771}.Debug|iPhone.ActiveCfg = Debug|Any CPU
		{E696724C-4F08-418E-8ECC-4DC0B98D7771}.Debug|iPhone.Build.0 = Debug|Any CPU
		{E696724C-4F08-418E-8ECC-4DC0B98D7771}.Debug|iPhoneSimulator.ActiveCfg = Debug|Any CPU
		{E696724C-4F08-418E-8ECC-4DC0B98D7771}.Debug|iPhoneSimulator.Build.0 = Debug|Any CPU
		{E696724C-4F08-418E-8ECC-4DC0B98D7771}.Debug|x64.ActiveCfg = Debug|Any CPU
		{E696724C-4F08-418E-8ECC-4DC0B98D7771}.Debug|x64.Build.0 = Debug|Any CPU
		{E696724C-4F08-418E-8ECC-4DC0B98D7771}.Debug|x86.ActiveCfg = Debug|Any CPU
		{E696724C-4F08-418E-8ECC-4DC0B98D7771}.Debug|x86.Build.0 = Debug|Any CPU
		{E696724C-4F08-418E-8ECC-4DC0B98D7771}.Release|Any CPU.ActiveCfg = Release|Any CPU
		{E696724C-4F08-418E-8ECC-4DC0B98D7771}.Release|Any CPU.Build.0 = Release|Any CPU
		{E696724C-4F08-418E-8ECC-4DC0B98D7771}.Release|ARM.ActiveCfg = Release|Any CPU
		{E696724C-4F08-418E-8ECC-4DC0B98D7771}.Release|ARM.Build.0 = Release|Any CPU
		{E696724C-4F08-418E-8ECC-4DC0B98D7771}.Release|iPhone.ActiveCfg = Release|Any CPU
		{E696724C-4F08-418E-8ECC-4DC0B98D7771}.Release|iPhone.Build.0 = Release|Any CPU
		{E696724C-4F08-418E-8ECC-4DC0B98D7771}.Release|iPhoneSimulator.ActiveCfg = Release|Any CPU
		{E696724C-4F08-418E-8ECC-4DC0B98D7771}.Release|iPhoneSimulator.Build.0 = Release|Any CPU
		{E696724C-4F08-418E-8ECC-4DC0B98D7771}.Release|x64.ActiveCfg = Release|Any CPU
		{E696724C-4F08-418E-8ECC-4DC0B98D7771}.Release|x64.Build.0 = Release|Any CPU
		{E696724C-4F08-418E-8ECC-4DC0B98D7771}.Release|x86.ActiveCfg = Release|Any CPU
		{E696724C-4F08-418E-8ECC-4DC0B98D7771}.Release|x86.Build.0 = Release|Any CPU
		{E9DDBFD3-90CA-4ABE-88AE-21DD34FB9957}.Ad-Hoc|Any CPU.ActiveCfg = Release|x86
		{E9DDBFD3-90CA-4ABE-88AE-21DD34FB9957}.Ad-Hoc|Any CPU.Build.0 = Release|x86
		{E9DDBFD3-90CA-4ABE-88AE-21DD34FB9957}.Ad-Hoc|Any CPU.Deploy.0 = Release|x86
		{E9DDBFD3-90CA-4ABE-88AE-21DD34FB9957}.Ad-Hoc|ARM.ActiveCfg = Release|ARM
		{E9DDBFD3-90CA-4ABE-88AE-21DD34FB9957}.Ad-Hoc|ARM.Build.0 = Release|ARM
		{E9DDBFD3-90CA-4ABE-88AE-21DD34FB9957}.Ad-Hoc|ARM.Deploy.0 = Release|ARM
		{E9DDBFD3-90CA-4ABE-88AE-21DD34FB9957}.Ad-Hoc|iPhone.ActiveCfg = Release|x86
		{E9DDBFD3-90CA-4ABE-88AE-21DD34FB9957}.Ad-Hoc|iPhone.Build.0 = Release|x86
		{E9DDBFD3-90CA-4ABE-88AE-21DD34FB9957}.Ad-Hoc|iPhone.Deploy.0 = Release|x86
		{E9DDBFD3-90CA-4ABE-88AE-21DD34FB9957}.Ad-Hoc|iPhoneSimulator.ActiveCfg = Release|x86
		{E9DDBFD3-90CA-4ABE-88AE-21DD34FB9957}.Ad-Hoc|iPhoneSimulator.Build.0 = Release|x86
		{E9DDBFD3-90CA-4ABE-88AE-21DD34FB9957}.Ad-Hoc|iPhoneSimulator.Deploy.0 = Release|x86
		{E9DDBFD3-90CA-4ABE-88AE-21DD34FB9957}.Ad-Hoc|x64.ActiveCfg = Release|x64
		{E9DDBFD3-90CA-4ABE-88AE-21DD34FB9957}.Ad-Hoc|x64.Build.0 = Release|x64
		{E9DDBFD3-90CA-4ABE-88AE-21DD34FB9957}.Ad-Hoc|x64.Deploy.0 = Release|x64
		{E9DDBFD3-90CA-4ABE-88AE-21DD34FB9957}.Ad-Hoc|x86.ActiveCfg = Release|x86
		{E9DDBFD3-90CA-4ABE-88AE-21DD34FB9957}.Ad-Hoc|x86.Build.0 = Release|x86
		{E9DDBFD3-90CA-4ABE-88AE-21DD34FB9957}.Ad-Hoc|x86.Deploy.0 = Release|x86
		{E9DDBFD3-90CA-4ABE-88AE-21DD34FB9957}.AppStore|Any CPU.ActiveCfg = Release|x86
		{E9DDBFD3-90CA-4ABE-88AE-21DD34FB9957}.AppStore|Any CPU.Build.0 = Release|x86
		{E9DDBFD3-90CA-4ABE-88AE-21DD34FB9957}.AppStore|Any CPU.Deploy.0 = Release|x86
		{E9DDBFD3-90CA-4ABE-88AE-21DD34FB9957}.AppStore|ARM.ActiveCfg = Release|ARM
		{E9DDBFD3-90CA-4ABE-88AE-21DD34FB9957}.AppStore|ARM.Build.0 = Release|ARM
		{E9DDBFD3-90CA-4ABE-88AE-21DD34FB9957}.AppStore|ARM.Deploy.0 = Release|ARM
		{E9DDBFD3-90CA-4ABE-88AE-21DD34FB9957}.AppStore|iPhone.ActiveCfg = Release|x86
		{E9DDBFD3-90CA-4ABE-88AE-21DD34FB9957}.AppStore|iPhone.Build.0 = Release|x86
		{E9DDBFD3-90CA-4ABE-88AE-21DD34FB9957}.AppStore|iPhone.Deploy.0 = Release|x86
		{E9DDBFD3-90CA-4ABE-88AE-21DD34FB9957}.AppStore|iPhoneSimulator.ActiveCfg = Release|x86
		{E9DDBFD3-90CA-4ABE-88AE-21DD34FB9957}.AppStore|iPhoneSimulator.Build.0 = Release|x86
		{E9DDBFD3-90CA-4ABE-88AE-21DD34FB9957}.AppStore|iPhoneSimulator.Deploy.0 = Release|x86
		{E9DDBFD3-90CA-4ABE-88AE-21DD34FB9957}.AppStore|x64.ActiveCfg = Release|x64
		{E9DDBFD3-90CA-4ABE-88AE-21DD34FB9957}.AppStore|x64.Build.0 = Release|x64
		{E9DDBFD3-90CA-4ABE-88AE-21DD34FB9957}.AppStore|x64.Deploy.0 = Release|x64
		{E9DDBFD3-90CA-4ABE-88AE-21DD34FB9957}.AppStore|x86.ActiveCfg = Release|x86
		{E9DDBFD3-90CA-4ABE-88AE-21DD34FB9957}.AppStore|x86.Build.0 = Release|x86
		{E9DDBFD3-90CA-4ABE-88AE-21DD34FB9957}.AppStore|x86.Deploy.0 = Release|x86
		{E9DDBFD3-90CA-4ABE-88AE-21DD34FB9957}.Debug|Any CPU.ActiveCfg = Debug|x86
		{E9DDBFD3-90CA-4ABE-88AE-21DD34FB9957}.Debug|ARM.ActiveCfg = Debug|ARM
		{E9DDBFD3-90CA-4ABE-88AE-21DD34FB9957}.Debug|ARM.Build.0 = Debug|ARM
		{E9DDBFD3-90CA-4ABE-88AE-21DD34FB9957}.Debug|ARM.Deploy.0 = Debug|ARM
		{E9DDBFD3-90CA-4ABE-88AE-21DD34FB9957}.Debug|iPhone.ActiveCfg = Debug|x86
		{E9DDBFD3-90CA-4ABE-88AE-21DD34FB9957}.Debug|iPhoneSimulator.ActiveCfg = Debug|x86
		{E9DDBFD3-90CA-4ABE-88AE-21DD34FB9957}.Debug|x64.ActiveCfg = Debug|x64
		{E9DDBFD3-90CA-4ABE-88AE-21DD34FB9957}.Debug|x64.Build.0 = Debug|x64
		{E9DDBFD3-90CA-4ABE-88AE-21DD34FB9957}.Debug|x64.Deploy.0 = Debug|x64
		{E9DDBFD3-90CA-4ABE-88AE-21DD34FB9957}.Debug|x86.ActiveCfg = Debug|x86
		{E9DDBFD3-90CA-4ABE-88AE-21DD34FB9957}.Debug|x86.Build.0 = Debug|x86
		{E9DDBFD3-90CA-4ABE-88AE-21DD34FB9957}.Debug|x86.Deploy.0 = Debug|x86
		{E9DDBFD3-90CA-4ABE-88AE-21DD34FB9957}.Release|Any CPU.ActiveCfg = Release|x86
		{E9DDBFD3-90CA-4ABE-88AE-21DD34FB9957}.Release|ARM.ActiveCfg = Release|ARM
		{E9DDBFD3-90CA-4ABE-88AE-21DD34FB9957}.Release|ARM.Build.0 = Release|ARM
		{E9DDBFD3-90CA-4ABE-88AE-21DD34FB9957}.Release|ARM.Deploy.0 = Release|ARM
		{E9DDBFD3-90CA-4ABE-88AE-21DD34FB9957}.Release|iPhone.ActiveCfg = Release|x86
		{E9DDBFD3-90CA-4ABE-88AE-21DD34FB9957}.Release|iPhoneSimulator.ActiveCfg = Release|x86
		{E9DDBFD3-90CA-4ABE-88AE-21DD34FB9957}.Release|x64.ActiveCfg = Release|x64
		{E9DDBFD3-90CA-4ABE-88AE-21DD34FB9957}.Release|x64.Build.0 = Release|x64
		{E9DDBFD3-90CA-4ABE-88AE-21DD34FB9957}.Release|x64.Deploy.0 = Release|x64
		{E9DDBFD3-90CA-4ABE-88AE-21DD34FB9957}.Release|x86.ActiveCfg = Release|x86
		{E9DDBFD3-90CA-4ABE-88AE-21DD34FB9957}.Release|x86.Build.0 = Release|x86
		{E9DDBFD3-90CA-4ABE-88AE-21DD34FB9957}.Release|x86.Deploy.0 = Release|x86
		{84D734B8-C70C-4AC1-88CC-312872D480BB}.Ad-Hoc|Any CPU.ActiveCfg = Ad-Hoc|iPhone
		{84D734B8-C70C-4AC1-88CC-312872D480BB}.Ad-Hoc|ARM.ActiveCfg = Ad-Hoc|iPhone
		{84D734B8-C70C-4AC1-88CC-312872D480BB}.Ad-Hoc|iPhone.ActiveCfg = Ad-Hoc|iPhone
		{84D734B8-C70C-4AC1-88CC-312872D480BB}.Ad-Hoc|iPhone.Build.0 = Ad-Hoc|iPhone
		{84D734B8-C70C-4AC1-88CC-312872D480BB}.Ad-Hoc|iPhoneSimulator.ActiveCfg = Ad-Hoc|iPhoneSimulator
		{84D734B8-C70C-4AC1-88CC-312872D480BB}.Ad-Hoc|iPhoneSimulator.Build.0 = Ad-Hoc|iPhoneSimulator
		{84D734B8-C70C-4AC1-88CC-312872D480BB}.Ad-Hoc|x64.ActiveCfg = Ad-Hoc|iPhone
		{84D734B8-C70C-4AC1-88CC-312872D480BB}.Ad-Hoc|x86.ActiveCfg = Ad-Hoc|iPhone
		{84D734B8-C70C-4AC1-88CC-312872D480BB}.AppStore|Any CPU.ActiveCfg = AppStore|iPhone
		{84D734B8-C70C-4AC1-88CC-312872D480BB}.AppStore|ARM.ActiveCfg = AppStore|iPhone
		{84D734B8-C70C-4AC1-88CC-312872D480BB}.AppStore|iPhone.ActiveCfg = AppStore|iPhone
		{84D734B8-C70C-4AC1-88CC-312872D480BB}.AppStore|iPhone.Build.0 = AppStore|iPhone
		{84D734B8-C70C-4AC1-88CC-312872D480BB}.AppStore|iPhoneSimulator.ActiveCfg = AppStore|iPhoneSimulator
		{84D734B8-C70C-4AC1-88CC-312872D480BB}.AppStore|iPhoneSimulator.Build.0 = AppStore|iPhoneSimulator
		{84D734B8-C70C-4AC1-88CC-312872D480BB}.AppStore|x64.ActiveCfg = AppStore|iPhone
		{84D734B8-C70C-4AC1-88CC-312872D480BB}.AppStore|x86.ActiveCfg = AppStore|iPhone
		{84D734B8-C70C-4AC1-88CC-312872D480BB}.Debug|Any CPU.ActiveCfg = Debug|iPhone
		{84D734B8-C70C-4AC1-88CC-312872D480BB}.Debug|ARM.ActiveCfg = Debug|iPhone
		{84D734B8-C70C-4AC1-88CC-312872D480BB}.Debug|iPhone.ActiveCfg = Debug|iPhone
		{84D734B8-C70C-4AC1-88CC-312872D480BB}.Debug|iPhone.Build.0 = Debug|iPhone
		{84D734B8-C70C-4AC1-88CC-312872D480BB}.Debug|iPhoneSimulator.ActiveCfg = Debug|iPhoneSimulator
		{84D734B8-C70C-4AC1-88CC-312872D480BB}.Debug|iPhoneSimulator.Build.0 = Debug|iPhoneSimulator
		{84D734B8-C70C-4AC1-88CC-312872D480BB}.Debug|x64.ActiveCfg = Debug|iPhone
		{84D734B8-C70C-4AC1-88CC-312872D480BB}.Debug|x86.ActiveCfg = Debug|iPhone
		{84D734B8-C70C-4AC1-88CC-312872D480BB}.Release|Any CPU.ActiveCfg = Release|iPhone
		{84D734B8-C70C-4AC1-88CC-312872D480BB}.Release|ARM.ActiveCfg = Release|iPhone
		{84D734B8-C70C-4AC1-88CC-312872D480BB}.Release|iPhone.ActiveCfg = Release|iPhone
		{84D734B8-C70C-4AC1-88CC-312872D480BB}.Release|iPhone.Build.0 = Release|iPhone
		{84D734B8-C70C-4AC1-88CC-312872D480BB}.Release|iPhoneSimulator.ActiveCfg = Release|iPhoneSimulator
		{84D734B8-C70C-4AC1-88CC-312872D480BB}.Release|iPhoneSimulator.Build.0 = Release|iPhoneSimulator
		{84D734B8-C70C-4AC1-88CC-312872D480BB}.Release|x64.ActiveCfg = Release|iPhone
		{84D734B8-C70C-4AC1-88CC-312872D480BB}.Release|x86.ActiveCfg = Release|iPhone
	EndGlobalSection
	GlobalSection(SolutionProperties) = preSolution
		HideSolutionNode = FALSE
	EndGlobalSection
EndGlobal
